// !$*UTF8*$!
{
	archiveVersion = 1;
	classes = {
	};
	objectVersion = 55;
	objects = {

/* Begin PBXBuildFile section */
		B92D391828AD147B00DE21F4 /* LoginView.swift in Sources */ = {isa = PBXBuildFile; fileRef = B92D391728AD147B00DE21F4 /* LoginView.swift */; };
		B92D391A28AD222C00DE21F4 /* PostModel.swift in Sources */ = {isa = PBXBuildFile; fileRef = B92D391928AD222C00DE21F4 /* PostModel.swift */; };
		B9318A4B28AE60F300463E5D /* SessionModel.swift in Sources */ = {isa = PBXBuildFile; fileRef = B9318A4A28AE60F300463E5D /* SessionModel.swift */; };
		B9D52FB128A522F100523833 /* AppDelegate.swift in Sources */ = {isa = PBXBuildFile; fileRef = B9D52FB028A522F100523833 /* AppDelegate.swift */; };
		B9D52FB328A522F100523833 /* SceneDelegate.swift in Sources */ = {isa = PBXBuildFile; fileRef = B9D52FB228A522F100523833 /* SceneDelegate.swift */; };
		B9D52FB528A522F100523833 /* ViewController.swift in Sources */ = {isa = PBXBuildFile; fileRef = B9D52FB428A522F100523833 /* ViewController.swift */; };
		B9D52FB828A522F100523833 /* Main.storyboard in Resources */ = {isa = PBXBuildFile; fileRef = B9D52FB628A522F100523833 /* Main.storyboard */; };
		B9D52FBA28A522F300523833 /* Assets.xcassets in Resources */ = {isa = PBXBuildFile; fileRef = B9D52FB928A522F300523833 /* Assets.xcassets */; };
		B9D52FBD28A522F300523833 /* LaunchScreen.storyboard in Resources */ = {isa = PBXBuildFile; fileRef = B9D52FBB28A522F300523833 /* LaunchScreen.storyboard */; };
		B9D52FC828A522F300523833 /* SuperAppTests.swift in Sources */ = {isa = PBXBuildFile; fileRef = B9D52FC728A522F300523833 /* SuperAppTests.swift */; };
		B9D52FD228A522F300523833 /* SuperAppUITests.swift in Sources */ = {isa = PBXBuildFile; fileRef = B9D52FD128A522F300523833 /* SuperAppUITests.swift */; };
		B9D52FD428A522F300523833 /* SuperAppUITestsLaunchTests.swift in Sources */ = {isa = PBXBuildFile; fileRef = B9D52FD328A522F300523833 /* SuperAppUITestsLaunchTests.swift */; };
		B9D52FE428A524CE00523833 /* UserModel.swift in Sources */ = {isa = PBXBuildFile; fileRef = B9D52FE328A524CE00523833 /* UserModel.swift */; };
		B9D52FE628A5273100523833 /* API.swift in Sources */ = {isa = PBXBuildFile; fileRef = B9D52FE528A5273100523833 /* API.swift */; };
		B9E31D5F28AB29390090A845 /* GetUsersByID.swift in Sources */ = {isa = PBXBuildFile; fileRef = B9E31D5E28AB29390090A845 /* GetUsersByID.swift */; };
/* End PBXBuildFile section */

/* Begin PBXContainerItemProxy section */
		B9D52FC428A522F300523833 /* PBXContainerItemProxy */ = {
			isa = PBXContainerItemProxy;
			containerPortal = B9D52FA528A522F100523833 /* Project object */;
			proxyType = 1;
			remoteGlobalIDString = B9D52FAC28A522F100523833;
			remoteInfo = SuperApp;
		};
		B9D52FCE28A522F300523833 /* PBXContainerItemProxy */ = {
			isa = PBXContainerItemProxy;
			containerPortal = B9D52FA528A522F100523833 /* Project object */;
			proxyType = 1;
			remoteGlobalIDString = B9D52FAC28A522F100523833;
			remoteInfo = SuperApp;
		};
/* End PBXContainerItemProxy section */

/* Begin PBXFileReference section */
		B92D391728AD147B00DE21F4 /* LoginView.swift */ = {isa = PBXFileReference; lastKnownFileType = sourcecode.swift; path = LoginView.swift; sourceTree = "<group>"; };
		B92D391928AD222C00DE21F4 /* PostModel.swift */ = {isa = PBXFileReference; lastKnownFileType = sourcecode.swift; path = PostModel.swift; sourceTree = "<group>"; };
		B9318A4A28AE60F300463E5D /* SessionModel.swift */ = {isa = PBXFileReference; lastKnownFileType = sourcecode.swift; path = SessionModel.swift; sourceTree = "<group>"; };
		B9D52FAD28A522F100523833 /* SuperApp.app */ = {isa = PBXFileReference; explicitFileType = wrapper.application; includeInIndex = 0; path = SuperApp.app; sourceTree = BUILT_PRODUCTS_DIR; };
		B9D52FB028A522F100523833 /* AppDelegate.swift */ = {isa = PBXFileReference; lastKnownFileType = sourcecode.swift; path = AppDelegate.swift; sourceTree = "<group>"; };
		B9D52FB228A522F100523833 /* SceneDelegate.swift */ = {isa = PBXFileReference; lastKnownFileType = sourcecode.swift; path = SceneDelegate.swift; sourceTree = "<group>"; };
		B9D52FB428A522F100523833 /* ViewController.swift */ = {isa = PBXFileReference; lastKnownFileType = sourcecode.swift; path = ViewController.swift; sourceTree = "<group>"; };
		B9D52FB728A522F100523833 /* Base */ = {isa = PBXFileReference; lastKnownFileType = file.storyboard; name = Base; path = Base.lproj/Main.storyboard; sourceTree = "<group>"; };
		B9D52FB928A522F300523833 /* Assets.xcassets */ = {isa = PBXFileReference; lastKnownFileType = folder.assetcatalog; path = Assets.xcassets; sourceTree = "<group>"; };
		B9D52FBC28A522F300523833 /* Base */ = {isa = PBXFileReference; lastKnownFileType = file.storyboard; name = Base; path = Base.lproj/LaunchScreen.storyboard; sourceTree = "<group>"; };
		B9D52FBE28A522F300523833 /* Info.plist */ = {isa = PBXFileReference; lastKnownFileType = text.plist.xml; path = Info.plist; sourceTree = "<group>"; };
		B9D52FC328A522F300523833 /* SuperAppTests.xctest */ = {isa = PBXFileReference; explicitFileType = wrapper.cfbundle; includeInIndex = 0; path = SuperAppTests.xctest; sourceTree = BUILT_PRODUCTS_DIR; };
		B9D52FC728A522F300523833 /* SuperAppTests.swift */ = {isa = PBXFileReference; lastKnownFileType = sourcecode.swift; path = SuperAppTests.swift; sourceTree = "<group>"; };
		B9D52FCD28A522F300523833 /* SuperAppUITests.xctest */ = {isa = PBXFileReference; explicitFileType = wrapper.cfbundle; includeInIndex = 0; path = SuperAppUITests.xctest; sourceTree = BUILT_PRODUCTS_DIR; };
		B9D52FD128A522F300523833 /* SuperAppUITests.swift */ = {isa = PBXFileReference; lastKnownFileType = sourcecode.swift; path = SuperAppUITests.swift; sourceTree = "<group>"; };
		B9D52FD328A522F300523833 /* SuperAppUITestsLaunchTests.swift */ = {isa = PBXFileReference; lastKnownFileType = sourcecode.swift; path = SuperAppUITestsLaunchTests.swift; sourceTree = "<group>"; };
		B9D52FE328A524CE00523833 /* UserModel.swift */ = {isa = PBXFileReference; lastKnownFileType = sourcecode.swift; path = UserModel.swift; sourceTree = "<group>"; };
		B9D52FE528A5273100523833 /* API.swift */ = {isa = PBXFileReference; lastKnownFileType = sourcecode.swift; path = API.swift; sourceTree = "<group>"; };
		B9E31D5E28AB29390090A845 /* GetUsersByID.swift */ = {isa = PBXFileReference; lastKnownFileType = sourcecode.swift; path = GetUsersByID.swift; sourceTree = "<group>"; };
/* End PBXFileReference section */

/* Begin PBXFrameworksBuildPhase section */
		B9D52FAA28A522F100523833 /* Frameworks */ = {
			isa = PBXFrameworksBuildPhase;
			buildActionMask = 2147483647;
			files = (
			);
			runOnlyForDeploymentPostprocessing = 0;
		};
		B9D52FC028A522F300523833 /* Frameworks */ = {
			isa = PBXFrameworksBuildPhase;
			buildActionMask = 2147483647;
			files = (
			);
			runOnlyForDeploymentPostprocessing = 0;
		};
		B9D52FCA28A522F300523833 /* Frameworks */ = {
			isa = PBXFrameworksBuildPhase;
			buildActionMask = 2147483647;
			files = (
			);
			runOnlyForDeploymentPostprocessing = 0;
		};
/* End PBXFrameworksBuildPhase section */

/* Begin PBXGroup section */
		B9D52FA428A522F100523833 = {
			isa = PBXGroup;
			children = (
				B9D52FAF28A522F100523833 /* SuperApp */,
				B9D52FC628A522F300523833 /* SuperAppTests */,
				B9D52FD028A522F300523833 /* SuperAppUITests */,
				B9D52FAE28A522F100523833 /* Products */,
			);
			sourceTree = "<group>";
		};
		B9D52FAE28A522F100523833 /* Products */ = {
			isa = PBXGroup;
			children = (
				B9D52FAD28A522F100523833 /* SuperApp.app */,
				B9D52FC328A522F300523833 /* SuperAppTests.xctest */,
				B9D52FCD28A522F300523833 /* SuperAppUITests.xctest */,
			);
			name = Products;
			sourceTree = "<group>";
		};
		B9D52FAF28A522F100523833 /* SuperApp */ = {
			isa = PBXGroup;
			children = (
				B9D52FE728A5274700523833 /* Services */,
				B9D52FE028A5230F00523833 /* Model */,
				B9D52FE128A5231400523833 /* View */,
				B9D52FE228A5231900523833 /* Controller */,
				B9D52FB628A522F100523833 /* Main.storyboard */,
				B9D52FB928A522F300523833 /* Assets.xcassets */,
				B9D52FBB28A522F300523833 /* LaunchScreen.storyboard */,
				B9D52FBE28A522F300523833 /* Info.plist */,
			);
			path = SuperApp;
			sourceTree = "<group>";
		};
		B9D52FC628A522F300523833 /* SuperAppTests */ = {
			isa = PBXGroup;
			children = (
				B9D52FC728A522F300523833 /* SuperAppTests.swift */,
				B9E31D5E28AB29390090A845 /* GetUsersByID.swift */,
			);
			path = SuperAppTests;
			sourceTree = "<group>";
		};
		B9D52FD028A522F300523833 /* SuperAppUITests */ = {
			isa = PBXGroup;
			children = (
				B9D52FD128A522F300523833 /* SuperAppUITests.swift */,
				B9D52FD328A522F300523833 /* SuperAppUITestsLaunchTests.swift */,
			);
			path = SuperAppUITests;
			sourceTree = "<group>";
		};
		B9D52FE028A5230F00523833 /* Model */ = {
			isa = PBXGroup;
			children = (
				B9D52FE328A524CE00523833 /* UserModel.swift */,
				B92D391928AD222C00DE21F4 /* PostModel.swift */,
				B9318A4A28AE60F300463E5D /* SessionModel.swift */,
			);
			path = Model;
			sourceTree = "<group>";
		};
		B9D52FE128A5231400523833 /* View */ = {
			isa = PBXGroup;
			children = (
				B9D52FB428A522F100523833 /* ViewController.swift */,
				B92D391728AD147B00DE21F4 /* LoginView.swift */,
			);
			path = View;
			sourceTree = "<group>";
		};
		B9D52FE228A5231900523833 /* Controller */ = {
			isa = PBXGroup;
			children = (
				B9D52FB228A522F100523833 /* SceneDelegate.swift */,
				B9D52FB028A522F100523833 /* AppDelegate.swift */,
			);
			path = Controller;
			sourceTree = "<group>";
		};
		B9D52FE728A5274700523833 /* Services */ = {
			isa = PBXGroup;
			children = (
				B9D52FE528A5273100523833 /* API.swift */,
			);
			path = Services;
			sourceTree = "<group>";
		};
/* End PBXGroup section */

/* Begin PBXNativeTarget section */
		B9D52FAC28A522F100523833 /* SuperApp */ = {
			isa = PBXNativeTarget;
			buildConfigurationList = B9D52FD728A522F300523833 /* Build configuration list for PBXNativeTarget "SuperApp" */;
			buildPhases = (
				B9D52FA928A522F100523833 /* Sources */,
				B9D52FAA28A522F100523833 /* Frameworks */,
				B9D52FAB28A522F100523833 /* Resources */,
			);
			buildRules = (
			);
			dependencies = (
			);
			name = SuperApp;
			productName = SuperApp;
			productReference = B9D52FAD28A522F100523833 /* SuperApp.app */;
			productType = "com.apple.product-type.application";
		};
		B9D52FC228A522F300523833 /* SuperAppTests */ = {
			isa = PBXNativeTarget;
			buildConfigurationList = B9D52FDA28A522F300523833 /* Build configuration list for PBXNativeTarget "SuperAppTests" */;
			buildPhases = (
				B9D52FBF28A522F300523833 /* Sources */,
				B9D52FC028A522F300523833 /* Frameworks */,
				B9D52FC128A522F300523833 /* Resources */,
			);
			buildRules = (
			);
			dependencies = (
				B9D52FC528A522F300523833 /* PBXTargetDependency */,
			);
			name = SuperAppTests;
			productName = SuperAppTests;
			productReference = B9D52FC328A522F300523833 /* SuperAppTests.xctest */;
			productType = "com.apple.product-type.bundle.unit-test";
		};
		B9D52FCC28A522F300523833 /* SuperAppUITests */ = {
			isa = PBXNativeTarget;
			buildConfigurationList = B9D52FDD28A522F300523833 /* Build configuration list for PBXNativeTarget "SuperAppUITests" */;
			buildPhases = (
				B9D52FC928A522F300523833 /* Sources */,
				B9D52FCA28A522F300523833 /* Frameworks */,
				B9D52FCB28A522F300523833 /* Resources */,
			);
			buildRules = (
			);
			dependencies = (
				B9D52FCF28A522F300523833 /* PBXTargetDependency */,
			);
			name = SuperAppUITests;
			productName = SuperAppUITests;
			productReference = B9D52FCD28A522F300523833 /* SuperAppUITests.xctest */;
			productType = "com.apple.product-type.bundle.ui-testing";
		};
/* End PBXNativeTarget section */

/* Begin PBXProject section */
		B9D52FA528A522F100523833 /* Project object */ = {
			isa = PBXProject;
			attributes = {
				BuildIndependentTargetsInParallel = 1;
				LastSwiftUpdateCheck = 1340;
				LastUpgradeCheck = 1340;
				TargetAttributes = {
					B9D52FAC28A522F100523833 = {
						CreatedOnToolsVersion = 13.4.1;
					};
					B9D52FC228A522F300523833 = {
						CreatedOnToolsVersion = 13.4.1;
						TestTargetID = B9D52FAC28A522F100523833;
					};
					B9D52FCC28A522F300523833 = {
						CreatedOnToolsVersion = 13.4.1;
						TestTargetID = B9D52FAC28A522F100523833;
					};
				};
			};
			buildConfigurationList = B9D52FA828A522F100523833 /* Build configuration list for PBXProject "SuperApp" */;
			compatibilityVersion = "Xcode 13.0";
			developmentRegion = en;
			hasScannedForEncodings = 0;
			knownRegions = (
				en,
				Base,
			);
			mainGroup = B9D52FA428A522F100523833;
			productRefGroup = B9D52FAE28A522F100523833 /* Products */;
			projectDirPath = "";
			projectRoot = "";
			targets = (
				B9D52FAC28A522F100523833 /* SuperApp */,
				B9D52FC228A522F300523833 /* SuperAppTests */,
				B9D52FCC28A522F300523833 /* SuperAppUITests */,
			);
		};
/* End PBXProject section */

/* Begin PBXResourcesBuildPhase section */
		B9D52FAB28A522F100523833 /* Resources */ = {
			isa = PBXResourcesBuildPhase;
			buildActionMask = 2147483647;
			files = (
				B9D52FBD28A522F300523833 /* LaunchScreen.storyboard in Resources */,
				B9D52FBA28A522F300523833 /* Assets.xcassets in Resources */,
				B9D52FB828A522F100523833 /* Main.storyboard in Resources */,
			);
			runOnlyForDeploymentPostprocessing = 0;
		};
		B9D52FC128A522F300523833 /* Resources */ = {
			isa = PBXResourcesBuildPhase;
			buildActionMask = 2147483647;
			files = (
			);
			runOnlyForDeploymentPostprocessing = 0;
		};
		B9D52FCB28A522F300523833 /* Resources */ = {
			isa = PBXResourcesBuildPhase;
			buildActionMask = 2147483647;
			files = (
			);
			runOnlyForDeploymentPostprocessing = 0;
		};
/* End PBXResourcesBuildPhase section */

/* Begin PBXSourcesBuildPhase section */
		B9D52FA928A522F100523833 /* Sources */ = {
			isa = PBXSourcesBuildPhase;
			buildActionMask = 2147483647;
			files = (
				B9D52FB528A522F100523833 /* ViewController.swift in Sources */,
				B92D391828AD147B00DE21F4 /* LoginView.swift in Sources */,
				B9318A4B28AE60F300463E5D /* SessionModel.swift in Sources */,
				B9D52FB128A522F100523833 /* AppDelegate.swift in Sources */,
				B92D391A28AD222C00DE21F4 /* PostModel.swift in Sources */,
				B9D52FE428A524CE00523833 /* UserModel.swift in Sources */,
				B9D52FB328A522F100523833 /* SceneDelegate.swift in Sources */,
				B9D52FE628A5273100523833 /* API.swift in Sources */,
			);
			runOnlyForDeploymentPostprocessing = 0;
		};
		B9D52FBF28A522F300523833 /* Sources */ = {
			isa = PBXSourcesBuildPhase;
			buildActionMask = 2147483647;
			files = (
				B9D52FC828A522F300523833 /* SuperAppTests.swift in Sources */,
				B9E31D5F28AB29390090A845 /* GetUsersByID.swift in Sources */,
			);
			runOnlyForDeploymentPostprocessing = 0;
		};
		B9D52FC928A522F300523833 /* Sources */ = {
			isa = PBXSourcesBuildPhase;
			buildActionMask = 2147483647;
			files = (
				B9D52FD428A522F300523833 /* SuperAppUITestsLaunchTests.swift in Sources */,
				B9D52FD228A522F300523833 /* SuperAppUITests.swift in Sources */,
			);
			runOnlyForDeploymentPostprocessing = 0;
		};
/* End PBXSourcesBuildPhase section */

/* Begin PBXTargetDependency section */
		B9D52FC528A522F300523833 /* PBXTargetDependency */ = {
			isa = PBXTargetDependency;
			target = B9D52FAC28A522F100523833 /* SuperApp */;
			targetProxy = B9D52FC428A522F300523833 /* PBXContainerItemProxy */;
		};
		B9D52FCF28A522F300523833 /* PBXTargetDependency */ = {
			isa = PBXTargetDependency;
			target = B9D52FAC28A522F100523833 /* SuperApp */;
			targetProxy = B9D52FCE28A522F300523833 /* PBXContainerItemProxy */;
		};
/* End PBXTargetDependency section */

/* Begin PBXVariantGroup section */
		B9D52FB628A522F100523833 /* Main.storyboard */ = {
			isa = PBXVariantGroup;
			children = (
				B9D52FB728A522F100523833 /* Base */,
			);
			name = Main.storyboard;
			sourceTree = "<group>";
		};
		B9D52FBB28A522F300523833 /* LaunchScreen.storyboard */ = {
			isa = PBXVariantGroup;
			children = (
				B9D52FBC28A522F300523833 /* Base */,
			);
			name = LaunchScreen.storyboard;
			sourceTree = "<group>";
		};
/* End PBXVariantGroup section */

/* Begin XCBuildConfiguration section */
		B9D52FD528A522F300523833 /* Debug */ = {
			isa = XCBuildConfiguration;
			buildSettings = {
				ALWAYS_SEARCH_USER_PATHS = NO;
				CLANG_ANALYZER_NONNULL = YES;
				CLANG_ANALYZER_NUMBER_OBJECT_CONVERSION = YES_AGGRESSIVE;
				CLANG_CXX_LANGUAGE_STANDARD = "gnu++17";
				CLANG_ENABLE_MODULES = YES;
				CLANG_ENABLE_OBJC_ARC = YES;
				CLANG_ENABLE_OBJC_WEAK = YES;
				CLANG_WARN_BLOCK_CAPTURE_AUTORELEASING = YES;
				CLANG_WARN_BOOL_CONVERSION = YES;
				CLANG_WARN_COMMA = YES;
				CLANG_WARN_CONSTANT_CONVERSION = YES;
				CLANG_WARN_DEPRECATED_OBJC_IMPLEMENTATIONS = YES;
				CLANG_WARN_DIRECT_OBJC_ISA_USAGE = YES_ERROR;
				CLANG_WARN_DOCUMENTATION_COMMENTS = YES;
				CLANG_WARN_EMPTY_BODY = YES;
				CLANG_WARN_ENUM_CONVERSION = YES;
				CLANG_WARN_INFINITE_RECURSION = YES;
				CLANG_WARN_INT_CONVERSION = YES;
				CLANG_WARN_NON_LITERAL_NULL_CONVERSION = YES;
				CLANG_WARN_OBJC_IMPLICIT_RETAIN_SELF = YES;
				CLANG_WARN_OBJC_LITERAL_CONVERSION = YES;
				CLANG_WARN_OBJC_ROOT_CLASS = YES_ERROR;
				CLANG_WARN_QUOTED_INCLUDE_IN_FRAMEWORK_HEADER = YES;
				CLANG_WARN_RANGE_LOOP_ANALYSIS = YES;
				CLANG_WARN_STRICT_PROTOTYPES = YES;
				CLANG_WARN_SUSPICIOUS_MOVE = YES;
				CLANG_WARN_UNGUARDED_AVAILABILITY = YES_AGGRESSIVE;
				CLANG_WARN_UNREACHABLE_CODE = YES;
				CLANG_WARN__DUPLICATE_METHOD_MATCH = YES;
				COPY_PHASE_STRIP = NO;
				DEBUG_INFORMATION_FORMAT = dwarf;
				ENABLE_STRICT_OBJC_MSGSEND = YES;
				ENABLE_TESTABILITY = YES;
				GCC_C_LANGUAGE_STANDARD = gnu11;
				GCC_DYNAMIC_NO_PIC = NO;
				GCC_NO_COMMON_BLOCKS = YES;
				GCC_OPTIMIZATION_LEVEL = 0;
				GCC_PREPROCESSOR_DEFINITIONS = (
					"DEBUG=1",
					"$(inherited)",
				);
				GCC_WARN_64_TO_32_BIT_CONVERSION = YES;
				GCC_WARN_ABOUT_RETURN_TYPE = YES_ERROR;
				GCC_WARN_UNDECLARED_SELECTOR = YES;
				GCC_WARN_UNINITIALIZED_AUTOS = YES_AGGRESSIVE;
				GCC_WARN_UNUSED_FUNCTION = YES;
				GCC_WARN_UNUSED_VARIABLE = YES;
				IPHONEOS_DEPLOYMENT_TARGET = 15.5;
				MTL_ENABLE_DEBUG_INFO = INCLUDE_SOURCE;
				MTL_FAST_MATH = YES;
				ONLY_ACTIVE_ARCH = YES;
				SDKROOT = iphoneos;
				SWIFT_ACTIVE_COMPILATION_CONDITIONS = DEBUG;
				SWIFT_OPTIMIZATION_LEVEL = "-Onone";
			};
			name = Debug;
		};
		B9D52FD628A522F300523833 /* Release */ = {
			isa = XCBuildConfiguration;
			buildSettings = {
				ALWAYS_SEARCH_USER_PATHS = NO;
				CLANG_ANALYZER_NONNULL = YES;
				CLANG_ANALYZER_NUMBER_OBJECT_CONVERSION = YES_AGGRESSIVE;
				CLANG_CXX_LANGUAGE_STANDARD = "gnu++17";
				CLANG_ENABLE_MODULES = YES;
				CLANG_ENABLE_OBJC_ARC = YES;
				CLANG_ENABLE_OBJC_WEAK = YES;
				CLANG_WARN_BLOCK_CAPTURE_AUTORELEASING = YES;
				CLANG_WARN_BOOL_CONVERSION = YES;
				CLANG_WARN_COMMA = YES;
				CLANG_WARN_CONSTANT_CONVERSION = YES;
				CLANG_WARN_DEPRECATED_OBJC_IMPLEMENTATIONS = YES;
				CLANG_WARN_DIRECT_OBJC_ISA_USAGE = YES_ERROR;
				CLANG_WARN_DOCUMENTATION_COMMENTS = YES;
				CLANG_WARN_EMPTY_BODY = YES;
				CLANG_WARN_ENUM_CONVERSION = YES;
				CLANG_WARN_INFINITE_RECURSION = YES;
				CLANG_WARN_INT_CONVERSION = YES;
				CLANG_WARN_NON_LITERAL_NULL_CONVERSION = YES;
				CLANG_WARN_OBJC_IMPLICIT_RETAIN_SELF = YES;
				CLANG_WARN_OBJC_LITERAL_CONVERSION = YES;
				CLANG_WARN_OBJC_ROOT_CLASS = YES_ERROR;
				CLANG_WARN_QUOTED_INCLUDE_IN_FRAMEWORK_HEADER = YES;
				CLANG_WARN_RANGE_LOOP_ANALYSIS = YES;
				CLANG_WARN_STRICT_PROTOTYPES = YES;
				CLANG_WARN_SUSPICIOUS_MOVE = YES;
				CLANG_WARN_UNGUARDED_AVAILABILITY = YES_AGGRESSIVE;
				CLANG_WARN_UNREACHABLE_CODE = YES;
				CLANG_WARN__DUPLICATE_METHOD_MATCH = YES;
				COPY_PHASE_STRIP = NO;
				DEBUG_INFORMATION_FORMAT = "dwarf-with-dsym";
				ENABLE_NS_ASSERTIONS = NO;
				ENABLE_STRICT_OBJC_MSGSEND = YES;
				GCC_C_LANGUAGE_STANDARD = gnu11;
				GCC_NO_COMMON_BLOCKS = YES;
				GCC_WARN_64_TO_32_BIT_CONVERSION = YES;
				GCC_WARN_ABOUT_RETURN_TYPE = YES_ERROR;
				GCC_WARN_UNDECLARED_SELECTOR = YES;
				GCC_WARN_UNINITIALIZED_AUTOS = YES_AGGRESSIVE;
				GCC_WARN_UNUSED_FUNCTION = YES;
				GCC_WARN_UNUSED_VARIABLE = YES;
				IPHONEOS_DEPLOYMENT_TARGET = 15.5;
				MTL_ENABLE_DEBUG_INFO = NO;
				MTL_FAST_MATH = YES;
				SDKROOT = iphoneos;
				SWIFT_COMPILATION_MODE = wholemodule;
				SWIFT_OPTIMIZATION_LEVEL = "-O";
				VALIDATE_PRODUCT = YES;
			};
			name = Release;
		};
		B9D52FD828A522F300523833 /* Debug */ = {
			isa = XCBuildConfiguration;
			buildSettings = {
				ASSETCATALOG_COMPILER_APPICON_NAME = AppIcon;
				ASSETCATALOG_COMPILER_GLOBAL_ACCENT_COLOR_NAME = AccentColor;
				CODE_SIGN_STYLE = Automatic;
				CURRENT_PROJECT_VERSION = 1;
				DEVELOPMENT_TEAM = 949BRFMFQG;
				GENERATE_INFOPLIST_FILE = YES;
				INFOPLIST_FILE = SuperApp/Info.plist;
				INFOPLIST_KEY_UIApplicationSupportsIndirectInputEvents = YES;
				INFOPLIST_KEY_UILaunchStoryboardName = LaunchScreen;
				INFOPLIST_KEY_UIMainStoryboardFile = Main;
				INFOPLIST_KEY_UISupportedInterfaceOrientations_iPad = "UIInterfaceOrientationPortrait UIInterfaceOrientationPortraitUpsideDown UIInterfaceOrientationLandscapeLeft UIInterfaceOrientationLandscapeRight";
				INFOPLIST_KEY_UISupportedInterfaceOrientations_iPhone = "UIInterfaceOrientationPortrait UIInterfaceOrientationLandscapeLeft UIInterfaceOrientationLandscapeRight";
				LD_RUNPATH_SEARCH_PATHS = (
					"$(inherited)",
					"@executable_path/Frameworks",
				);
				MARKETING_VERSION = 1.0;
				PRODUCT_BUNDLE_IDENTIFIER = com.ifce.academy.SuperApp;
				PRODUCT_NAME = "$(TARGET_NAME)";
				SWIFT_EMIT_LOC_STRINGS = YES;
				SWIFT_VERSION = 5.0;
				TARGETED_DEVICE_FAMILY = "1,2";
			};
			name = Debug;
		};
		B9D52FD928A522F300523833 /* Release */ = {
			isa = XCBuildConfiguration;
			buildSettings = {
				ASSETCATALOG_COMPILER_APPICON_NAME = AppIcon;
				ASSETCATALOG_COMPILER_GLOBAL_ACCENT_COLOR_NAME = AccentColor;
				CODE_SIGN_STYLE = Automatic;
				CURRENT_PROJECT_VERSION = 1;
				DEVELOPMENT_TEAM = 949BRFMFQG;
				GENERATE_INFOPLIST_FILE = YES;
				INFOPLIST_FILE = SuperApp/Info.plist;
				INFOPLIST_KEY_UIApplicationSupportsIndirectInputEvents = YES;
				INFOPLIST_KEY_UILaunchStoryboardName = LaunchScreen;
				INFOPLIST_KEY_UIMainStoryboardFile = Main;
				INFOPLIST_KEY_UISupportedInterfaceOrientations_iPad = "UIInterfaceOrientationPortrait UIInterfaceOrientationPortraitUpsideDown UIInterfaceOrientationLandscapeLeft UIInterfaceOrientationLandscapeRight";
				INFOPLIST_KEY_UISupportedInterfaceOrientations_iPhone = "UIInterfaceOrientationPortrait UIInterfaceOrientationLandscapeLeft UIInterfaceOrientationLandscapeRight";
				LD_RUNPATH_SEARCH_PATHS = (
					"$(inherited)",
					"@executable_path/Frameworks",
				);
				MARKETING_VERSION = 1.0;
				PRODUCT_BUNDLE_IDENTIFIER = com.ifce.academy.SuperApp;
				PRODUCT_NAME = "$(TARGET_NAME)";
				SWIFT_EMIT_LOC_STRINGS = YES;
				SWIFT_VERSION = 5.0;
				TARGETED_DEVICE_FAMILY = "1,2";
			};
			name = Release;
		};
		B9D52FDB28A522F300523833 /* Debug */ = {
			isa = XCBuildConfiguration;
			buildSettings = {
				ALWAYS_EMBED_SWIFT_STANDARD_LIBRARIES = YES;
				BUNDLE_LOADER = "$(TEST_HOST)";
				CODE_SIGN_STYLE = Automatic;
				CURRENT_PROJECT_VERSION = 1;
				DEVELOPMENT_TEAM = 949BRFMFQG;
				GENERATE_INFOPLIST_FILE = YES;
				IPHONEOS_DEPLOYMENT_TARGET = 15.5;
				MARKETING_VERSION = 1.0;
				PRODUCT_BUNDLE_IDENTIFIER = com.ifce.academy.SuperAppTests;
				PRODUCT_NAME = "$(TARGET_NAME)";
				SWIFT_EMIT_LOC_STRINGS = NO;
				SWIFT_VERSION = 5.0;
				TARGETED_DEVICE_FAMILY = "1,2";
				TEST_HOST = "$(BUILT_PRODUCTS_DIR)/SuperApp.app/SuperApp";
			};
			name = Debug;
		};
		B9D52FDC28A522F300523833 /* Release */ = {
			isa = XCBuildConfiguration;
			buildSettings = {
				ALWAYS_EMBED_SWIFT_STANDARD_LIBRARIES = YES;
				BUNDLE_LOADER = "$(TEST_HOST)";
				CODE_SIGN_STYLE = Automatic;
				CURRENT_PROJECT_VERSION = 1;
				DEVELOPMENT_TEAM = 949BRFMFQG;
				GENERATE_INFOPLIST_FILE = YES;
				IPHONEOS_DEPLOYMENT_TARGET = 15.5;
				MARKETING_VERSION = 1.0;
				PRODUCT_BUNDLE_IDENTIFIER = com.ifce.academy.SuperAppTests;
				PRODUCT_NAME = "$(TARGET_NAME)";
				SWIFT_EMIT_LOC_STRINGS = NO;
				SWIFT_VERSION = 5.0;
				TARGETED_DEVICE_FAMILY = "1,2";
				TEST_HOST = "$(BUILT_PRODUCTS_DIR)/SuperApp.app/SuperApp";
			};
			name = Release;
		};
		B9D52FDE28A522F300523833 /* Debug */ = {
			isa = XCBuildConfiguration;
			buildSettings = {
				ALWAYS_EMBED_SWIFT_STANDARD_LIBRARIES = YES;
				CODE_SIGN_STYLE = Automatic;
				CURRENT_PROJECT_VERSION = 1;
				DEVELOPMENT_TEAM = 949BRFMFQG;
				GENERATE_INFOPLIST_FILE = YES;
				MARKETING_VERSION = 1.0;
				PRODUCT_BUNDLE_IDENTIFIER = com.ifce.academy.SuperAppUITests;
				PRODUCT_NAME = "$(TARGET_NAME)";
				SWIFT_EMIT_LOC_STRINGS = NO;
				SWIFT_VERSION = 5.0;
				TARGETED_DEVICE_FAMILY = "1,2";
				TEST_TARGET_NAME = SuperApp;
			};
			name = Debug;
		};
		B9D52FDF28A522F300523833 /* Release */ = {
			isa = XCBuildConfiguration;
			buildSettings = {
				ALWAYS_EMBED_SWIFT_STANDARD_LIBRARIES = YES;
				CODE_SIGN_STYLE = Automatic;
				CURRENT_PROJECT_VERSION = 1;
				DEVELOPMENT_TEAM = 949BRFMFQG;
				GENERATE_INFOPLIST_FILE = YES;
				MARKETING_VERSION = 1.0;
				PRODUCT_BUNDLE_IDENTIFIER = com.ifce.academy.SuperAppUITests;
				PRODUCT_NAME = "$(TARGET_NAME)";
				SWIFT_EMIT_LOC_STRINGS = NO;
				SWIFT_VERSION = 5.0;
				TARGETED_DEVICE_FAMILY = "1,2";
				TEST_TARGET_NAME = SuperApp;
			};
			name = Release;
		};
/* End XCBuildConfiguration section */

/* Begin XCConfigurationList section */
		B9D52FA828A522F100523833 /* Build configuration list for PBXProject "SuperApp" */ = {
			isa = XCConfigurationList;
			buildConfigurations = (
				B9D52FD528A522F300523833 /* Debug */,
				B9D52FD628A522F300523833 /* Release */,
			);
			defaultConfigurationIsVisible = 0;
			defaultConfigurationName = Release;
		};
		B9D52FD728A522F300523833 /* Build configuration list for PBXNativeTarget "SuperApp" */ = {
			isa = XCConfigurationList;
			buildConfigurations = (
				B9D52FD828A522F300523833 /* Debug */,
				B9D52FD928A522F300523833 /* Release */,
			);
			defaultConfigurationIsVisible = 0;
			defaultConfigurationName = Release;
		};
		B9D52FDA28A522F300523833 /* Build configuration list for PBXNativeTarget "SuperAppTests" */ = {
			isa = XCConfigurationList;
			buildConfigurations = (
				B9D52FDB28A522F300523833 /* Debug */,
				B9D52FDC28A522F300523833 /* Release */,
			);
			defaultConfigurationIsVisible = 0;
			defaultConfigurationName = Release;
		};
		B9D52FDD28A522F300523833 /* Build configuration list for PBXNativeTarget "SuperAppUITests" */ = {
			isa = XCConfigurationList;
			buildConfigurations = (
				B9D52FDE28A522F300523833 /* Debug */,
				B9D52FDF28A522F300523833 /* Release */,
			);
			defaultConfigurationIsVisible = 0;
			defaultConfigurationName = Release;
		};
/* End XCConfigurationList section */
	};
	rootObject = B9D52FA528A522F100523833 /* Project object */;
}
